
Microsoft Visual Studio Solution File, Format Version 12.00
# Visual Studio Version 16
VisualStudioVersion = 16.0.809.10
MinimumVisualStudioVersion = 10.0.40219.1
Project("{FAE04EC0-301F-11D3-BF4B-00C04F79EFBC}") = "GraphQL", "GraphQL\GraphQL.csproj", "{690707EB-840B-42C6-BCB0-404E2EE19E54}"
EndProject
Global
	GlobalSection(SolutionConfigurationPlatforms) = preSolution
		Debug|Any CPU = Debug|Any CPU
		Release|Any CPU = Release|Any CPU
	EndGlobalSection
	GlobalSection(ProjectConfigurationPlatforms) = postSolution
		{690707EB-840B-42C6-BCB0-404E2EE19E54}.Debug|Any CPU.ActiveCfg = Debug|Any CPU
		{690707EB-840B-42C6-BCB0-404E2EE19E54}.Debug|Any CPU.Build.0 = Debug|Any CPU
		{690707EB-840B-42C6-BCB0-404E2EE19E54}.Release|Any CPU.ActiveCfg = Release|Any CPU
		{690707EB-840B-42C6-BCB0-404E2EE19E54}.Release|Any CPU.Build.0 = Release|Any CPU
	EndGlobalSection
	GlobalSection(SolutionProperties) = preSolution
		HideSolutionNode = FALSE
	EndGlobalSection
	GlobalSection(ExtensibilityGlobals) = postSolution
		SolutionGuid = {DA17459B-DC65-4F66-880A-C78D9B842443}
	EndGlobalSection
EndGlobal
